PODS:
  - MultiRealm (0.3.2):
    - RealmSwift
  - Realm (0.95.0):
    - Realm/Headers (= 0.95.0)
  - Realm/Headers (0.95.0)
  - RealmSwift (0.95.0):
    - Realm (= 0.95.0)

DEPENDENCIES:
  - MultiRealm (from `../`)

EXTERNAL SOURCES:
  MultiRealm:
    :path: ../

SPEC CHECKSUMS:
  MultiRealm: 312fcc0ba4ad4c38f5bd3c0e8de3af5d5f26d5eb
  Realm: bbb171b96728ea136ed5cd354dca2a3d6529923c
  RealmSwift: 35eeb642bf0b43dedfe363451ba3288d0e72ebb9

COCOAPODS: 0.39.0.beta.3
